// !$*UTF8*$!
{
	archiveVersion = 1;
	classes = {
	};
	objectVersion = 46;
	objects = {

/* Begin PBXBuildFile section */
		398020161459BB3800E678D8 /* UIKit.framework in Frameworks */ = {isa = PBXBuildFile; fileRef = 398020151459BB3800E678D8 /* UIKit.framework */; };
		398020181459BB3800E678D8 /* Foundation.framework in Frameworks */ = {isa = PBXBuildFile; fileRef = 398020171459BB3800E678D8 /* Foundation.framework */; };
		3980201A1459BB3800E678D8 /* CoreGraphics.framework in Frameworks */ = {isa = PBXBuildFile; fileRef = 398020191459BB3800E678D8 /* CoreGraphics.framework */; };
		398020201459BB3800E678D8 /* InfoPlist.strings in Resources */ = {isa = PBXBuildFile; fileRef = 3980201E1459BB3800E678D8 /* InfoPlist.strings */; };
		398020221459BB3800E678D8 /* main.m in Sources */ = {isa = PBXBuildFile; fileRef = 398020211459BB3800E678D8 /* main.m */; };
		398020261459BB3800E678D8 /* HelloAppDelegate.m in Sources */ = {isa = PBXBuildFile; fileRef = 398020251459BB3800E678D8 /* HelloAppDelegate.m */; };
		3980202E1459BD0800E678D8 /* View.m in Sources */ = {isa = PBXBuildFile; fileRef = 3980202D1459BD0800E678D8 /* View.m */; };
		BEAEDFDA1528B64100CDBF66 /* Hello-72.png in Resources */ = {isa = PBXBuildFile; fileRef = BEAEDFD61528B64100CDBF66 /* Hello-72.png */; };
		BEAEDFDB1528B64100CDBF66 /* Hello-72@2x.png in Resources */ = {isa = PBXBuildFile; fileRef = BEAEDFD71528B64100CDBF66 /* Hello-72@2x.png */; };
		BEAEDFDC1528B64100CDBF66 /* Hello.png in Resources */ = {isa = PBXBuildFile; fileRef = BEAEDFD81528B64100CDBF66 /* Hello.png */; };
		BEAEDFDD1528B64100CDBF66 /* Hello@2x.png in Resources */ = {isa = PBXBuildFile; fileRef = BEAEDFD91528B64100CDBF66 /* Hello@2x.png */; };
/* End PBXBuildFile section */

/* Begin PBXFileReference section */
		398020111459BB3800E678D8 /* Hello.app */ = {isa = PBXFileReference; explicitFileType = wrapper.application; includeInIndex = 0; path = Hello.app; sourceTree = BUILT_PRODUCTS_DIR; };
		398020151459BB3800E678D8 /* UIKit.framework */ = {isa = PBXFileReference; lastKnownFileType = wrapper.framework; name = UIKit.framework; path = System/Library/Frameworks/UIKit.framework; sourceTree = SDKROOT; };
		398020171459BB3800E678D8 /* Foundation.framework */ = {isa = PBXFileReference; lastKnownFileType = wrapper.framework; name = Foundation.framework; path = System/Library/Frameworks/Foundation.framework; sourceTree = SDKROOT; };
		398020191459BB3800E678D8 /* CoreGraphics.framework */ = {isa = PBXFileReference; lastKnownFileType = wrapper.framework; name = CoreGraphics.framework; path = System/Library/Frameworks/CoreGraphics.framework; sourceTree = SDKROOT; };
		3980201D1459BB3800E678D8 /* Hello-Info.plist */ = {isa = PBXFileReference; lastKnownFileType = text.plist.xml; path = "Hello-Info.plist"; sourceTree = "<group>"; };
		3980201F1459BB3800E678D8 /* en */ = {isa = PBXFileReference; lastKnownFileType = text.plist.strings; name = en; path = en.lproj/InfoPlist.strings; sourceTree = "<group>"; };
		398020211459BB3800E678D8 /* main.m */ = {isa = PBXFileReference; lastKnownFileType = sourcecode.c.objc; path = main.m; sourceTree = "<group>"; };
		398020231459BB3800E678D8 /* Hello-Prefix.pch */ = {isa = PBXFileReference; lastKnownFileType = sourcecode.c.h; path = "Hello-Prefix.pch"; sourceTree = "<group>"; };
		398020241459BB3800E678D8 /* HelloAppDelegate.h */ = {isa = PBXFileReference; lastKnownFileType = sourcecode.c.h; path = HelloAppDelegate.h; sourceTree = "<group>"; };
		398020251459BB3800E678D8 /* HelloAppDelegate.m */ = {isa = PBXFileReference; lastKnownFileType = sourcecode.c.objc; path = HelloAppDelegate.m; sourceTree = "<group>"; };
		3980202C1459BD0800E678D8 /* View.h */ = {isa = PBXFileReference; fileEncoding = 4; lastKnownFileType = sourcecode.c.h; path = View.h; sourceTree = "<group>"; };
		3980202D1459BD0800E678D8 /* View.m */ = {isa = PBXFileReference; fileEncoding = 4; lastKnownFileType = sourcecode.c.objc; path = View.m; sourceTree = "<group>"; };
		BEAEDFD61528B64100CDBF66 /* Hello-72.png */ = {isa = PBXFileReference; lastKnownFileType = image.png; path = "Hello-72.png"; sourceTree = "<group>"; };
		BEAEDFD71528B64100CDBF66 /* Hello-72@2x.png */ = {isa = PBXFileReference; lastKnownFileType = image.png; path = "Hello-72@2x.png"; sourceTree = "<group>"; };
		BEAEDFD81528B64100CDBF66 /* Hello.png */ = {isa = PBXFileReference; lastKnownFileType = image.png; path = Hello.png; sourceTree = "<group>"; };
		BEAEDFD91528B64100CDBF66 /* Hello@2x.png */ = {isa = PBXFileReference; lastKnownFileType = image.png; path = "Hello@2x.png"; sourceTree = "<group>"; };
/* End PBXFileReference section */

/* Begin PBXFrameworksBuildPhase section */
		3980200E1459BB3800E678D8 /* Frameworks */ = {
			isa = PBXFrameworksBuildPhase;
			buildActionMask = 2147483647;
			files = (
				398020161459BB3800E678D8 /* UIKit.framework in Frameworks */,
				398020181459BB3800E678D8 /* Foundation.framework in Frameworks */,
				3980201A1459BB3800E678D8 /* CoreGraphics.framework in Frameworks */,
			);
			runOnlyForDeploymentPostprocessing = 0;
		};
/* End PBXFrameworksBuildPhase section */

/* Begin PBXGroup section */
		398020061459BB3800E678D8 = {
			isa = PBXGroup;
			children = (
				3980201B1459BB3800E678D8 /* Hello */,
				398020141459BB3800E678D8 /* Frameworks */,
				398020121459BB3800E678D8 /* Products */,
			);
			sourceTree = "<group>";
		};
		398020121459BB3800E678D8 /* Products */ = {
			isa = PBXGroup;
			children = (
				398020111459BB3800E678D8 /* Hello.app */,
			);
			name = Products;
			sourceTree = "<group>";
		};
		398020141459BB3800E678D8 /* Frameworks */ = {
			isa = PBXGroup;
			children = (
				398020151459BB3800E678D8 /* UIKit.framework */,
				398020171459BB3800E678D8 /* Foundation.framework */,
				398020191459BB3800E678D8 /* CoreGraphics.framework */,
			);
			name = Frameworks;
			sourceTree = "<group>";
		};
		3980201B1459BB3800E678D8 /* Hello */ = {
			isa = PBXGroup;
			children = (
				398020241459BB3800E678D8 /* HelloAppDelegate.h */,
				398020251459BB3800E678D8 /* HelloAppDelegate.m */,
				3980202C1459BD0800E678D8 /* View.h */,
				3980202D1459BD0800E678D8 /* View.m */,
				3980201C1459BB3800E678D8 /* Supporting Files */,
			);
			path = Hello;
			sourceTree = "<group>";
		};
		3980201C1459BB3800E678D8 /* Supporting Files */ = {
			isa = PBXGroup;
			children = (
				BEAEDFD61528B64100CDBF66 /* Hello-72.png */,
				BEAEDFD71528B64100CDBF66 /* Hello-72@2x.png */,
				BEAEDFD81528B64100CDBF66 /* Hello.png */,
				BEAEDFD91528B64100CDBF66 /* Hello@2x.png */,
				3980201D1459BB3800E678D8 /* Hello-Info.plist */,
				3980201E1459BB3800E678D8 /* InfoPlist.strings */,
				398020211459BB3800E678D8 /* main.m */,
				398020231459BB3800E678D8 /* Hello-Prefix.pch */,
				BEAEDFE01528CB3700CDBF66 /* ar.lproj */,
				BEAEDFDF1528CACE00CDBF66 /* es.lproj */,
			);
			name = "Supporting Files";
			sourceTree = "<group>";
		};
		BEAEDFDF1528CACE00CDBF66 /* es.lproj */ = {
			isa = PBXGroup;
			children = (
			);
			path = es.lproj;
			sourceTree = "<group>";
		};
		BEAEDFE01528CB3700CDBF66 /* ar.lproj */ = {
			isa = PBXGroup;
			children = (
			);
			path = ar.lproj;
			sourceTree = "<group>";
		};
/* End PBXGroup section */

/* Begin PBXNativeTarget section */
		398020101459BB3800E678D8 /* Hello */ = {
			isa = PBXNativeTarget;
			buildConfigurationList = 398020291459BB3800E678D8 /* Build configuration list for PBXNativeTarget "Hello" */;
			buildPhases = (
				3980200D1459BB3800E678D8 /* Sources */,
				3980200E1459BB3800E678D8 /* Frameworks */,
				3980200F1459BB3800E678D8 /* Resources */,
			);
			buildRules = (
			);
			dependencies = (
			);
			name = Hello;
			productName = Hello;
			productReference = 398020111459BB3800E678D8 /* Hello.app */;
			productType = "com.apple.product-type.application";
		};
/* End PBXNativeTarget section */

/* Begin PBXProject section */
		398020081459BB3800E678D8 /* Project object */ = {
			isa = PBXProject;
			attributes = {
				LastUpgradeCheck = 0420;
			};
			buildConfigurationList = 3980200B1459BB3800E678D8 /* Build configuration list for PBXProject "Hello" */;
			compatibilityVersion = "Xcode 3.2";
			developmentRegion = English;
			hasScannedForEncodings = 0;
			knownRegions = (
				en,
			);
			mainGroup = 398020061459BB3800E678D8;
			productRefGroup = 398020121459BB3800E678D8 /* Products */;
			projectDirPath = "";
			projectRoot = "";
			targets = (
				398020101459BB3800E678D8 /* Hello */,
			);
		};
/* End PBXProject section */

/* Begin PBXResourcesBuildPhase section */
		3980200F1459BB3800E678D8 /* Resources */ = {
			isa = PBXResourcesBuildPhase;
			buildActionMask = 2147483647;
			files = (
				398020201459BB3800E678D8 /* InfoPlist.strings in Resources */,
				BEAEDFDA1528B64100CDBF66 /* Hello-72.png in Resources */,
				BEAEDFDB1528B64100CDBF66 /* Hello-72@2x.png in Resources */,
				BEAEDFDC1528B64100CDBF66 /* Hello.png in Resources */,
				BEAEDFDD1528B64100CDBF66 /* Hello@2x.png in Resources */,
			);
			runOnlyForDeploymentPostprocessing = 0;
		};
/* End PBXResourcesBuildPhase section */

/* Begin PBXSourcesBuildPhase section */
		3980200D1459BB3800E678D8 /* Sources */ = {
			isa = PBXSourcesBuildPhase;
			buildActionMask = 2147483647;
			files = (
				398020221459BB3800E678D8 /* main.m in Sources */,
				398020261459BB3800E678D8 /* HelloAppDelegate.m in Sources */,
				3980202E1459BD0800E678D8 /* View.m in Sources */,
			);
			runOnlyForDeploymentPostprocessing = 0;
		};
/* End PBXSourcesBuildPhase section */

/* Begin PBXVariantGroup section */
		3980201E1459BB3800E678D8 /* InfoPlist.strings */ = {
			isa = PBXVariantGroup;
			children = (
				3980201F1459BB3800E678D8 /* en */,
			);
			name = InfoPlist.strings;
			sourceTree = "<group>";
		};
/* End PBXVariantGroup section */

/* Begin XCBuildConfiguration section */
		398020271459BB3800E678D8 /* Debug */ = {
			isa = XCBuildConfiguration;
			buildSettings = {
				ALWAYS_SEARCH_USER_PATHS = NO;
				ARCHS = "$(ARCHS_STANDARD_32_BIT)";
				CLANG_ENABLE_OBJC_ARC = YES;
				"CODE_SIGN_IDENTITY[sdk=iphoneos*]" = "iPhone Developer";
				COPY_PHASE_STRIP = NO;
				GCC_C_LANGUAGE_STANDARD = gnu99;
				GCC_DYNAMIC_NO_PIC = NO;
				GCC_OPTIMIZATION_LEVEL = 0;
				GCC_PREPROCESSOR_DEFINITIONS = (
					"DEBUG=1",
					"$(inherited)",
				);
				GCC_SYMBOLS_PRIVATE_EXTERN = NO;
				GCC_VERSION = com.apple.compilers.llvm.clang.1_0;
				GCC_WARN_ABOUT_MISSING_PROTOTYPES = YES;
				GCC_WARN_ABOUT_RETURN_TYPE = YES;
				GCC_WARN_UNUSED_VARIABLE = YES;
				IPHONEOS_DEPLOYMENT_TARGET = 5.0;
				SDKROOT = iphoneos;
			};
			name = Debug;
		};
		398020281459BB3800E678D8 /* Release */ = {
			isa = XCBuildConfiguration;
			buildSettings = {
				ALWAYS_SEARCH_USER_PATHS = NO;
				ARCHS = "$(ARCHS_STANDARD_32_BIT)";
				CLANG_ENABLE_OBJC_ARC = YES;
				"CODE_SIGN_IDENTITY[sdk=iphoneos*]" = "iPhone Developer";
				COPY_PHASE_STRIP = YES;
				GCC_C_LANGUAGE_STANDARD = gnu99;
				GCC_VERSION = com.apple.compilers.llvm.clang.1_0;
				GCC_WARN_ABOUT_MISSING_PROTOTYPES = YES;
				GCC_WARN_ABOUT_RETURN_TYPE = YES;
				GCC_WARN_UNUSED_VARIABLE = YES;
				IPHONEOS_DEPLOYMENT_TARGET = 5.0;
				OTHER_CFLAGS = "-DNS_BLOCK_ASSERTIONS=1";
				SDKROOT = iphoneos;
				VALIDATE_PRODUCT = YES;
			};
			name = Release;
		};
		3980202A1459BB3800E678D8 /* Debug */ = {
			isa = XCBuildConfiguration;
			buildSettings = {
				GCC_PRECOMPILE_PREFIX_HEADER = YES;
				GCC_PREFIX_HEADER = "Hello/Hello-Prefix.pch";
				INFOPLIST_FILE = "Hello/Hello-Info.plist";
				PRODUCT_NAME = "$(TARGET_NAME)";
				WRAPPER_EXTENSION = app;
			};
			name = Debug;
		};
		3980202B1459BB3800E678D8 /* Release */ = {
			isa = XCBuildConfiguration;
			buildSettings = {
				GCC_PRECOMPILE_PREFIX_HEADER = YES;
				GCC_PREFIX_HEADER = "Hello/Hello-Prefix.pch";
				INFOPLIST_FILE = "Hello/Hello-Info.plist";
				PRODUCT_NAME = "$(TARGET_NAME)";
				WRAPPER_EXTENSION = app;
			};
			name = Release;
		};
/* End XCBuildConfiguration section */

/* Begin XCConfigurationList section */
		3980200B1459BB3800E678D8 /* Build configuration list for PBXProject "Hello" */ = {
			isa = XCConfigurationList;
			buildConfigurations = (
				398020271459BB3800E678D8 /* Debug */,
				398020281459BB3800E678D8 /* Release */,
			);
			defaultConfigurationIsVisible = 0;
			defaultConfigurationName = Release;
		};
		398020291459BB3800E678D8 /* Build configuration list for PBXNativeTarget "Hello" */ = {
			isa = XCConfigurationList;
			buildConfigurations = (
				3980202A1459BB3800E678D8 /* Debug */,
				3980202B1459BB3800E678D8 /* Release */,
			);
			defaultConfigurationIsVisible = 0;
			defaultConfigurationName = Release;
		};
/* End XCConfigurationList section */
	};
	rootObject = 398020081459BB3800E678D8 /* Project object */;
}
